
Microsoft Visual Studio Solution File, Format Version 12.00
# Visual Studio Version 17
VisualStudioVersion = 17.3.32922.545
MinimumVisualStudioVersion = 10.0.40219.1
Project("{FAE04EC0-301F-11D3-BF4B-00C04F79EFBC}") = "BubbleSort_CodeDocumentation", "BubbleSort_CodeDocumentation\BubbleSort_CodeDocumentation.csproj", "{53F81C7B-CAD3-469B-92B8-F580FEBA3348}"
EndProject
Global
	GlobalSection(SolutionConfigurationPlatforms) = preSolution
		Debug|Any CPU = Debug|Any CPU
		Release|Any CPU = Release|Any CPU
	EndGlobalSection
	GlobalSection(ProjectConfigurationPlatforms) = postSolution
		{53F81C7B-CAD3-469B-92B8-F580FEBA3348}.Debug|Any CPU.ActiveCfg = Debug|Any CPU
		{53F81C7B-CAD3-469B-92B8-F580FEBA3348}.Debug|Any CPU.Build.0 = Debug|Any CPU
		{53F81C7B-CAD3-469B-92B8-F580FEBA3348}.Release|Any CPU.ActiveCfg = Release|Any CPU
		{53F81C7B-CAD3-469B-92B8-F580FEBA3348}.Release|Any CPU.Build.0 = Release|Any CPU
	EndGlobalSection
	GlobalSection(SolutionProperties) = preSolution
		HideSolutionNode = FALSE
	EndGlobalSection
	GlobalSection(ExtensibilityGlobals) = postSolution
		SolutionGuid = {C39C835B-6BCA-437A-B1DA-801FB37A85D5}
	EndGlobalSection
EndGlobal
